
Microsoft Visual Studio Solution File, Format Version 12.00
# Visual Studio Version 17
VisualStudioVersion = 17.5.33516.290
MinimumVisualStudioVersion = 10.0.40219.1
Project("{FAE04EC0-301F-11D3-BF4B-00C04F79EFBC}") = "KOI Launcher", "WGL Launcher\KOI Launcher.csproj", "{3BD235BF-1295-4D84-9EEB-41CC9110D6CE}"
EndProject
Global
	GlobalSection(SolutionConfigurationPlatforms) = preSolution
		Debug|Any CPU = Debug|Any CPU
		Debug|x64 = Debug|x64
		Release|Any CPU = Release|Any CPU
		Release|x64 = Release|x64
	EndGlobalSection
	GlobalSection(ProjectConfigurationPlatforms) = postSolution
		{3BD235BF-1295-4D84-9EEB-41CC9110D6CE}.Debug|Any CPU.ActiveCfg = Debug|Any CPU
		{3BD235BF-1295-4D84-9EEB-41CC9110D6CE}.Debug|Any CPU.Build.0 = Debug|Any CPU
		{3BD235BF-1295-4D84-9EEB-41CC9110D6CE}.Debug|x64.ActiveCfg = Debug|x64
		{3BD235BF-1295-4D84-9EEB-41CC9110D6CE}.Debug|x64.Build.0 = Debug|x64
		{3BD235BF-1295-4D84-9EEB-41CC9110D6CE}.Release|Any CPU.ActiveCfg = Release|Any CPU
		{3BD235BF-1295-4D84-9EEB-41CC9110D6CE}.Release|Any CPU.Build.0 = Release|Any CPU
		{3BD235BF-1295-4D84-9EEB-41CC9110D6CE}.Release|x64.ActiveCfg = Release|x64
		{3BD235BF-1295-4D84-9EEB-41CC9110D6CE}.Release|x64.Build.0 = Release|x64
	EndGlobalSection
	GlobalSection(SolutionProperties) = preSolution
		HideSolutionNode = FALSE
	EndGlobalSection
	GlobalSection(ExtensibilityGlobals) = postSolution
		SolutionGuid = {E8264327-7641-42ED-8D3D-3F62AE0C2CAB}
	EndGlobalSection
EndGlobal
